
Microsoft Visual Studio Solution File, Format Version 12.00
# Visual Studio Version 17
VisualStudioVersion = 17.8.34322.80
MinimumVisualStudioVersion = 10.0.40219.1
Project("{FAE04EC0-301F-11D3-BF4B-00C04F79EFBC}") = "Day_01", "Day_01.csproj", "{E2D2ED27-11D4-484E-B1E3-FE821F208450}"
EndProject
Project("{FAE04EC0-301F-11D3-BF4B-00C04F79EFBC}") = "Day_02", "..\Day_02\Day_02.csproj", "{AA3AB3E9-BDE6-4275-B5C4-8F0810ED4D3D}"
EndProject
Global
	GlobalSection(SolutionConfigurationPlatforms) = preSolution
		Debug|Any CPU = Debug|Any CPU
		Release|Any CPU = Release|Any CPU
	EndGlobalSection
	GlobalSection(ProjectConfigurationPlatforms) = postSolution
		{E2D2ED27-11D4-484E-B1E3-FE821F208450}.Debug|Any CPU.ActiveCfg = Debug|Any CPU
		{E2D2ED27-11D4-484E-B1E3-FE821F208450}.Debug|Any CPU.Build.0 = Debug|Any CPU
		{E2D2ED27-11D4-484E-B1E3-FE821F208450}.Release|Any CPU.ActiveCfg = Release|Any CPU
		{E2D2ED27-11D4-484E-B1E3-FE821F208450}.Release|Any CPU.Build.0 = Release|Any CPU
		{AA3AB3E9-BDE6-4275-B5C4-8F0810ED4D3D}.Debug|Any CPU.ActiveCfg = Debug|Any CPU
		{AA3AB3E9-BDE6-4275-B5C4-8F0810ED4D3D}.Debug|Any CPU.Build.0 = Debug|Any CPU
		{AA3AB3E9-BDE6-4275-B5C4-8F0810ED4D3D}.Release|Any CPU.ActiveCfg = Release|Any CPU
		{AA3AB3E9-BDE6-4275-B5C4-8F0810ED4D3D}.Release|Any CPU.Build.0 = Release|Any CPU
	EndGlobalSection
	GlobalSection(SolutionProperties) = preSolution
		HideSolutionNode = FALSE
	EndGlobalSection
	GlobalSection(ExtensibilityGlobals) = postSolution
		SolutionGuid = {1D3A9C3E-3795-4E90-B096-485A78A53B4B}
	EndGlobalSection
EndGlobal
